// !$*UTF8*$!
{
	archiveVersion = 1;
	classes = {
	};
	objectVersion = 77;
	objects = {

/* Begin PBXBuildFile section */
		D27C59763045FB6200B9B8F0 /* WidgetKit.framework in Frameworks */ = {isa = PBXBuildFile; fileRef = D27C59753045FB6200B9B8F0 /* WidgetKit.framework */; };
		D27C59783045FB6200B9B8F0 /* SwiftUI.framework in Frameworks */ = {isa = PBXBuildFile; fileRef = D27C59773045FB6200B9B8F0 /* SwiftUI.framework */; };
		D27C59853045FB6600B9B8F0 /* LittleStoriesWidgetExtension.appex in Embed Foundation Extensions */ = {isa = PBXBuildFile; fileRef = D27C59733045FB6200B9B8F0 /* LittleStoriesWidgetExtension.appex */; settings = {ATTRIBUTES = (RemoveHeadersOnCopy, ); }; };
		D27C598C3045FB8700B9B8F0 /* Limooonik.xcframework in Frameworks */ = {isa = PBXBuildFile; fileRef = D27C598B3045FB8700B9B8F0 /* Limooonik.xcframework */; };
		D27C599E3045FBC500B9B8F0 /* ChangeSettings.swift in Sources */ = {isa = PBXBuildFile; fileRef = D27C599C3045FBC500B9B8F0 /* ChangeSettings.swift */; };
		D27C59C13045FCC600B9B8F0 /* Limooonik.xcframework in Frameworks */ = {isa = PBXBuildFile; fileRef = D27C598B3045FB8700B9B8F0 /* Limooonik.xcframework */; };
		D27C59C23045FCC600B9B8F0 /* Limooonik.xcframework in Embed Frameworks */ = {isa = PBXBuildFile; fileRef = D27C598B3045FB8700B9B8F0 /* Limooonik.xcframework */; settings = {ATTRIBUTES = (CodeSignOnCopy, RemoveHeadersOnCopy, ); }; };
/* End PBXBuildFile section */

/* Begin PBXContainerItemProxy section */
		D27C59833045FB6600B9B8F0 /* PBXContainerItemProxy */ = {
			isa = PBXContainerItemProxy;
			containerPortal = D27C59593045FB2700B9B8F0 /* Project object */;
			proxyType = 1;
			remoteGlobalIDString = D27C59723045FB6200B9B8F0;
			remoteInfo = LittleStoriesWidgetExtension;
		};
/* End PBXContainerItemProxy section */

/* Begin PBXCopyFilesBuildPhase section */
		D27C598A3045FB6600B9B8F0 /* Embed Foundation Extensions */ = {
			isa = PBXCopyFilesBuildPhase;
			buildActionMask = 2147483647;
			dstPath = "";
			dstSubfolderSpec = 13;
			files = (
				D27C59853045FB6600B9B8F0 /* LittleStoriesWidgetExtension.appex in Embed Foundation Extensions */,
			);
			name = "Embed Foundation Extensions";
			runOnlyForDeploymentPostprocessing = 0;
		};
		D27C59C33045FCC600B9B8F0 /* Embed Frameworks */ = {
			isa = PBXCopyFilesBuildPhase;
			buildActionMask = 2147483647;
			dstPath = "";
			dstSubfolderSpec = 10;
			files = (
				D27C59C23045FCC600B9B8F0 /* Limooonik.xcframework in Embed Frameworks */,
			);
			name = "Embed Frameworks";
			runOnlyForDeploymentPostprocessing = 0;
		};
/* End PBXCopyFilesBuildPhase section */

/* Begin PBXFileReference section */
		D27C59613045FB2700B9B8F0 /* LittleStories.app */ = {isa = PBXFileReference; explicitFileType = wrapper.application; includeInIndex = 0; path = LittleStories.app; sourceTree = BUILT_PRODUCTS_DIR; };
		D27C59733045FB6200B9B8F0 /* LittleStoriesWidgetExtension.appex */ = {isa = PBXFileReference; explicitFileType = "wrapper.app-extension"; includeInIndex = 0; path = LittleStoriesWidgetExtension.appex; sourceTree = BUILT_PRODUCTS_DIR; };
		D27C59753045FB6200B9B8F0 /* WidgetKit.framework */ = {isa = PBXFileReference; lastKnownFileType = wrapper.framework; name = WidgetKit.framework; path = System/Library/Frameworks/WidgetKit.framework; sourceTree = SDKROOT; };
		D27C59773045FB6200B9B8F0 /* SwiftUI.framework */ = {isa = PBXFileReference; lastKnownFileType = wrapper.framework; name = SwiftUI.framework; path = System/Library/Frameworks/SwiftUI.framework; sourceTree = SDKROOT; };
		D27C598B3045FB8700B9B8F0 /* Limooonik.xcframework */ = {isa = PBXFileReference; lastKnownFileType = wrapper.xcframework; path = Limooonik.xcframework; sourceTree = "<group>"; };
		D27C599C3045FBC500B9B8F0 /* ChangeSettings.swift */ = {isa = PBXFileReference; lastKnownFileType = sourcecode.swift; path = ChangeSettings.swift; sourceTree = "<group>"; };
/* End PBXFileReference section */

/* Begin PBXFileSystemSynchronizedBuildFileExceptionSet section */
		D27C59863045FB6600B9B8F0 /* Exceptions for "LittleStoriesWidget" folder in "LittleStoriesWidgetExtension" target */ = {
			isa = PBXFileSystemSynchronizedBuildFileExceptionSet;
			membershipExceptions = (
				Info.plist,
			);
			target = D27C59723045FB6200B9B8F0 /* LittleStoriesWidgetExtension */;
		};
		D27C59DA3046081C00B9B8F0 /* Exceptions for "LittleStories" folder in "LittleStories" target */ = {
			isa = PBXFileSystemSynchronizedBuildFileExceptionSet;
			membershipExceptions = (
				LittleStoriesWidget.swift,
			);
			target = D27C59603045FB2700B9B8F0 /* LittleStories */;
		};
		D27C59DB3046081C00B9B8F0 /* Exceptions for "LittleStories" folder in "LittleStoriesWidgetExtension" target */ = {
			isa = PBXFileSystemSynchronizedBuildFileExceptionSet;
			membershipExceptions = (
				LittleStoriesWidget.swift,
			);
			target = D27C59723045FB6200B9B8F0 /* LittleStoriesWidgetExtension */;
		};
/* End PBXFileSystemSynchronizedBuildFileExceptionSet section */

/* Begin PBXFileSystemSynchronizedRootGroup section */
		D27C59633045FB2700B9B8F0 /* LittleStories */ = {
			isa = PBXFileSystemSynchronizedRootGroup;
			exceptions = (
				D27C59DA3046081C00B9B8F0 /* Exceptions for "LittleStories" folder in "LittleStories" target */,
				D27C59DB3046081C00B9B8F0 /* Exceptions for "LittleStories" folder in "LittleStoriesWidgetExtension" target */,
			);
			path = LittleStories;
			sourceTree = "<group>";
		};
		D27C59793045FB6200B9B8F0 /* LittleStoriesWidget */ = {
			isa = PBXFileSystemSynchronizedRootGroup;
			exceptions = (
				D27C59863045FB6600B9B8F0 /* Exceptions for "LittleStoriesWidget" folder in "LittleStoriesWidgetExtension" target */,
			);
			path = LittleStoriesWidget;
			sourceTree = "<group>";
		};
/* End PBXFileSystemSynchronizedRootGroup section */

/* Begin PBXFrameworksBuildPhase section */
		D27C595E3045FB2700B9B8F0 /* Frameworks */ = {
			isa = PBXFrameworksBuildPhase;
			buildActionMask = 2147483647;
			files = (
				D27C59C13045FCC600B9B8F0 /* Limooonik.xcframework in Frameworks */,
			);
			runOnlyForDeploymentPostprocessing = 0;
		};
		D27C59703045FB6200B9B8F0 /* Frameworks */ = {
			isa = PBXFrameworksBuildPhase;
			buildActionMask = 2147483647;
			files = (
				D27C59783045FB6200B9B8F0 /* SwiftUI.framework in Frameworks */,
				D27C59763045FB6200B9B8F0 /* WidgetKit.framework in Frameworks */,
				D27C598C3045FB8700B9B8F0 /* Limooonik.xcframework in Frameworks */,
			);
			runOnlyForDeploymentPostprocessing = 0;
		};
/* End PBXFrameworksBuildPhase section */

/* Begin PBXGroup section */
		D27C59583045FB2700B9B8F0 = {
			isa = PBXGroup;
			children = (
				D27C599C3045FBC500B9B8F0 /* ChangeSettings.swift */,
				D27C59633045FB2700B9B8F0 /* LittleStories */,
				D27C59793045FB6200B9B8F0 /* LittleStoriesWidget */,
				D27C59743045FB6200B9B8F0 /* Frameworks */,
				D27C59623045FB2700B9B8F0 /* Products */,
			);
			sourceTree = "<group>";
		};
		D27C59623045FB2700B9B8F0 /* Products */ = {
			isa = PBXGroup;
			children = (
				D27C59613045FB2700B9B8F0 /* LittleStories.app */,
				D27C59733045FB6200B9B8F0 /* LittleStoriesWidgetExtension.appex */,
			);
			name = Products;
			sourceTree = "<group>";
		};
		D27C59743045FB6200B9B8F0 /* Frameworks */ = {
			isa = PBXGroup;
			children = (
				D27C59753045FB6200B9B8F0 /* WidgetKit.framework */,
				D27C59773045FB6200B9B8F0 /* SwiftUI.framework */,
				D27C598B3045FB8700B9B8F0 /* Limooonik.xcframework */,
			);
			name = Frameworks;
			sourceTree = "<group>";
		};
/* End PBXGroup section */

/* Begin PBXNativeTarget section */
		D27C59603045FB2700B9B8F0 /* LittleStories */ = {
			isa = PBXNativeTarget;
			buildConfigurationList = D27C596C3045FB2900B9B8F0 /* Build configuration list for PBXNativeTarget "LittleStories" */;
			buildPhases = (
				D27C595D3045FB2700B9B8F0 /* Sources */,
				D27C595E3045FB2700B9B8F0 /* Frameworks */,
				D27C595F3045FB2700B9B8F0 /* Resources */,
				D27C598A3045FB6600B9B8F0 /* Embed Foundation Extensions */,
				D27C59C33045FCC600B9B8F0 /* Embed Frameworks */,
			);
			buildRules = (
			);
			dependencies = (
				D27C59843045FB6600B9B8F0 /* PBXTargetDependency */,
			);
			fileSystemSynchronizedGroups = (
				D27C59633045FB2700B9B8F0 /* LittleStories */,
			);
			name = LittleStories;
			packageProductDependencies = (
			);
			productName = LittleStories;
			productReference = D27C59613045FB2700B9B8F0 /* LittleStories.app */;
			productType = "com.apple.product-type.application";
		};
		D27C59723045FB6200B9B8F0 /* LittleStoriesWidgetExtension */ = {
			isa = PBXNativeTarget;
			buildConfigurationList = D27C59873045FB6600B9B8F0 /* Build configuration list for PBXNativeTarget "LittleStoriesWidgetExtension" */;
			buildPhases = (
				D27C596F3045FB6200B9B8F0 /* Sources */,
				D27C59703045FB6200B9B8F0 /* Frameworks */,
				D27C59713045FB6200B9B8F0 /* Resources */,
			);
			buildRules = (
			);
			dependencies = (
			);
			fileSystemSynchronizedGroups = (
				D27C59793045FB6200B9B8F0 /* LittleStoriesWidget */,
			);
			name = LittleStoriesWidgetExtension;
			packageProductDependencies = (
			);
			productName = LittleStoriesWidgetExtension;
			productReference = D27C59733045FB6200B9B8F0 /* LittleStoriesWidgetExtension.appex */;
			productType = "com.apple.product-type.app-extension";
		};
/* End PBXNativeTarget section */

/* Begin PBXProject section */
		D27C59593045FB2700B9B8F0 /* Project object */ = {
			isa = PBXProject;
			attributes = {
				BuildIndependentTargetsInParallel = 1;
				LastSwiftUpdateCheck = 2660;
				LastUpgradeCheck = 2660;
				TargetAttributes = {
					D27C59603045FB2700B9B8F0 = {
						CreatedOnToolsVersion = 26.6;
					};
					D27C59723045FB6200B9B8F0 = {
						CreatedOnToolsVersion = 26.6;
					};
				};
			};
			buildConfigurationList = D27C595C3045FB2700B9B8F0 /* Build configuration list for PBXProject "LittleStories" */;
			developmentRegion = en;
			hasScannedForEncodings = 0;
			knownRegions = (
				en,
				Base,
			);
			mainGroup = D27C59583045FB2700B9B8F0;
			minimizedProjectReferenceProxies = 1;
			preferredProjectObjectVersion = 77;
			productRefGroup = D27C59623045FB2700B9B8F0 /* Products */;
			projectDirPath = "";
			projectRoot = "";
			targets = (
				D27C59603045FB2700B9B8F0 /* LittleStories */,
				D27C59723045FB6200B9B8F0 /* LittleStoriesWidgetExtension */,
			);
		};
/* End PBXProject section */

/* Begin PBXResourcesBuildPhase section */
		D27C595F3045FB2700B9B8F0 /* Resources */ = {
			isa = PBXResourcesBuildPhase;
			buildActionMask = 2147483647;
			files = (
			);
			runOnlyForDeploymentPostprocessing = 0;
		};
		D27C59713045FB6200B9B8F0 /* Resources */ = {
			isa = PBXResourcesBuildPhase;
			buildActionMask = 2147483647;
			files = (
			);
			runOnlyForDeploymentPostprocessing = 0;
		};
/* End PBXResourcesBuildPhase section */

/* Begin PBXSourcesBuildPhase section */
		D27C595D3045FB2700B9B8F0 /* Sources */ = {
			isa = PBXSourcesBuildPhase;
			buildActionMask = 2147483647;
			files = (
			);
			runOnlyForDeploymentPostprocessing = 0;
		};
		D27C596F3045FB6200B9B8F0 /* Sources */ = {
			isa = PBXSourcesBuildPhase;
			buildActionMask = 2147483647;
			files = (
				D27C599E3045FBC500B9B8F0 /* ChangeSettings.swift in Sources */,
			);
			runOnlyForDeploymentPostprocessing = 0;
		};
/* End PBXSourcesBuildPhase section */

/* Begin PBXTargetDependency section */
		D27C59843045FB6600B9B8F0 /* PBXTargetDependency */ = {
			isa = PBXTargetDependency;
			target = D27C59723045FB6200B9B8F0 /* LittleStoriesWidgetExtension */;
			targetProxy = D27C59833045FB6600B9B8F0 /* PBXContainerItemProxy */;
		};
/* End PBXTargetDependency section */

/* Begin XCBuildConfiguration section */
		D27C596A3045FB2900B9B8F0 /* Debug */ = {
			isa = XCBuildConfiguration;
			buildSettings = {
				ALWAYS_SEARCH_USER_PATHS = NO;
				ASSETCATALOG_COMPILER_GENERATE_SWIFT_ASSET_SYMBOL_EXTENSIONS = YES;
				CLANG_ANALYZER_NONNULL = YES;
				CLANG_ANALYZER_NUMBER_OBJECT_CONVERSION = YES_AGGRESSIVE;
				CLANG_CXX_LANGUAGE_STANDARD = "gnu++20";
				CLANG_ENABLE_MODULES = YES;
				CLANG_ENABLE_OBJC_ARC = YES;
				CLANG_ENABLE_OBJC_WEAK = YES;
				CLANG_WARN_BLOCK_CAPTURE_AUTORELEASING = YES;
				CLANG_WARN_BOOL_CONVERSION = YES;
				CLANG_WARN_COMMA = YES;
				CLANG_WARN_CONSTANT_CONVERSION = YES;
				CLANG_WARN_DEPRECATED_OBJC_IMPLEMENTATIONS = YES;
				CLANG_WARN_DIRECT_OBJC_ISA_USAGE = YES_ERROR;
				CLANG_WARN_DOCUMENTATION_COMMENTS = YES;
				CLANG_WARN_EMPTY_BODY = YES;
				CLANG_WARN_ENUM_CONVERSION = YES;
				CLANG_WARN_INFINITE_RECURSION = YES;
				CLANG_WARN_INT_CONVERSION = YES;
				CLANG_WARN_NON_LITERAL_NULL_CONVERSION = YES;
				CLANG_WARN_OBJC_IMPLICIT_RETAIN_SELF = YES;
				CLANG_WARN_OBJC_LITERAL_CONVERSION = YES;
				CLANG_WARN_OBJC_ROOT_CLASS = YES_ERROR;
				CLANG_WARN_QUOTED_INCLUDE_IN_FRAMEWORK_HEADER = YES;
				CLANG_WARN_RANGE_LOOP_ANALYSIS = YES;
				CLANG_WARN_STRICT_PROTOTYPES = YES;
				CLANG_WARN_SUSPICIOUS_MOVE = YES;
				CLANG_WARN_UNGUARDED_AVAILABILITY = YES_AGGRESSIVE;
				CLANG_WARN_UNREACHABLE_CODE = YES;
				CLANG_WARN__DUPLICATE_METHOD_MATCH = YES;
				COPY_PHASE_STRIP = NO;
				DEBUG_INFORMATION_FORMAT = dwarf;
				DEVELOPMENT_TEAM = UZLZLP73X2;
				ENABLE_STRICT_OBJC_MSGSEND = YES;
				ENABLE_TESTABILITY = YES;
				ENABLE_USER_SCRIPT_SANDBOXING = YES;
				GCC_C_LANGUAGE_STANDARD = gnu17;
				GCC_DYNAMIC_NO_PIC = NO;
				GCC_NO_COMMON_BLOCKS = YES;
				GCC_OPTIMIZATION_LEVEL = 0;
				GCC_PREPROCESSOR_DEFINITIONS = (
					"DEBUG=1",
					"$(inherited)",
				);
				GCC_WARN_64_TO_32_BIT_CONVERSION = YES;
				GCC_WARN_ABOUT_RETURN_TYPE = YES_ERROR;
				GCC_WARN_UNDECLARED_SELECTOR = YES;
				GCC_WARN_UNINITIALIZED_AUTOS = YES_AGGRESSIVE;
				GCC_WARN_UNUSED_FUNCTION = YES;
				GCC_WARN_UNUSED_VARIABLE = YES;
				IPHONEOS_DEPLOYMENT_TARGET = 26.5;
				LOCALIZATION_PREFERS_STRING_CATALOGS = YES;
				MTL_ENABLE_DEBUG_INFO = INCLUDE_SOURCE;
				MTL_FAST_MATH = YES;
				ONLY_ACTIVE_ARCH = YES;
				SDKROOT = iphoneos;
				SWIFT_ACTIVE_COMPILATION_CONDITIONS = "DEBUG $(inherited)";
				SWIFT_OPTIMIZATION_LEVEL = "-Onone";
			};
			name = Debug;
		};
		D27C596B3045FB2900B9B8F0 /* Release */ = {
			isa = XCBuildConfiguration;
			buildSettings = {
				ALWAYS_SEARCH_USER_PATHS = NO;
				ASSETCATALOG_COMPILER_GENERATE_SWIFT_ASSET_SYMBOL_EXTENSIONS = YES;
				CLANG_ANALYZER_NONNULL = YES;
				CLANG_ANALYZER_NUMBER_OBJECT_CONVERSION = YES_AGGRESSIVE;
				CLANG_CXX_LANGUAGE_STANDARD = "gnu++20";
				CLANG_ENABLE_MODULES = YES;
				CLANG_ENABLE_OBJC_ARC = YES;
				CLANG_ENABLE_OBJC_WEAK = YES;
				CLANG_WARN_BLOCK_CAPTURE_AUTORELEASING = YES;
				CLANG_WARN_BOOL_CONVERSION = YES;
				CLANG_WARN_COMMA = YES;
				CLANG_WARN_CONSTANT_CONVERSION = YES;
				CLANG_WARN_DEPRECATED_OBJC_IMPLEMENTATIONS = YES;
				CLANG_WARN_DIRECT_OBJC_ISA_USAGE = YES_ERROR;
				CLANG_WARN_DOCUMENTATION_COMMENTS = YES;
				CLANG_WARN_EMPTY_BODY = YES;
				CLANG_WARN_ENUM_CONVERSION = YES;
				CLANG_WARN_INFINITE_RECURSION = YES;
				CLANG_WARN_INT_CONVERSION = YES;
				CLANG_WARN_NON_LITERAL_NULL_CONVERSION = YES;
				CLANG_WARN_OBJC_IMPLICIT_RETAIN_SELF = YES;
				CLANG_WARN_OBJC_LITERAL_CONVERSION = YES;
				CLANG_WARN_OBJC_ROOT_CLASS = YES_ERROR;
				CLANG_WARN_QUOTED_INCLUDE_IN_FRAMEWORK_HEADER = YES;
				CLANG_WARN_RANGE_LOOP_ANALYSIS = YES;
				CLANG_WARN_STRICT_PROTOTYPES = YES;
				CLANG_WARN_SUSPICIOUS_MOVE = YES;
				CLANG_WARN_UNGUARDED_AVAILABILITY = YES_AGGRESSIVE;
				CLANG_WARN_UNREACHABLE_CODE = YES;
				CLANG_WARN__DUPLICATE_METHOD_MATCH = YES;
				COPY_PHASE_STRIP = NO;
				DEBUG_INFORMATION_FORMAT = "dwarf-with-dsym";
				DEVELOPMENT_TEAM = UZLZLP73X2;
				ENABLE_NS_ASSERTIONS = NO;
				ENABLE_STRICT_OBJC_MSGSEND = YES;
				ENABLE_USER_SCRIPT_SANDBOXING = YES;
				GCC_C_LANGUAGE_STANDARD = gnu17;
				GCC_NO_COMMON_BLOCKS = YES;
				GCC_WARN_64_TO_32_BIT_CONVERSION = YES;
				GCC_WARN_ABOUT_RETURN_TYPE = YES_ERROR;
				GCC_WARN_UNDECLARED_SELECTOR = YES;
				GCC_WARN_UNINITIALIZED_AUTOS = YES_AGGRESSIVE;
				GCC_WARN_UNUSED_FUNCTION = YES;
				GCC_WARN_UNUSED_VARIABLE = YES;
				IPHONEOS_DEPLOYMENT_TARGET = 26.5;
				LOCALIZATION_PREFERS_STRING_CATALOGS = YES;
				MTL_ENABLE_DEBUG_INFO = NO;
				MTL_FAST_MATH = YES;
				SDKROOT = iphoneos;
				SWIFT_COMPILATION_MODE = wholemodule;
				VALIDATE_PRODUCT = YES;
			};
			name = Release;
		};
		D27C596D3045FB2900B9B8F0 /* Debug */ = {
			isa = XCBuildConfiguration;
			buildSettings = {
				ASSETCATALOG_COMPILER_APPICON_NAME = AppIcon;
				ASSETCATALOG_COMPILER_GLOBAL_ACCENT_COLOR_NAME = AccentColor;
				CODE_SIGN_STYLE = Automatic;
				CURRENT_PROJECT_VERSION = 1;
				DEVELOPMENT_TEAM = "";
				ENABLE_PREVIEWS = YES;
				GENERATE_INFOPLIST_FILE = YES;
				INFOPLIST_KEY_UIApplicationSceneManifest_Generation = YES;
				INFOPLIST_KEY_UIApplicationSupportsIndirectInputEvents = YES;
				INFOPLIST_KEY_UILaunchScreen_Generation = YES;
				INFOPLIST_KEY_UISupportedInterfaceOrientations_iPad = "UIInterfaceOrientationPortrait UIInterfaceOrientationPortraitUpsideDown UIInterfaceOrientationLandscapeLeft UIInterfaceOrientationLandscapeRight";
				INFOPLIST_KEY_UISupportedInterfaceOrientations_iPhone = "UIInterfaceOrientationPortrait UIInterfaceOrientationLandscapeLeft UIInterfaceOrientationLandscapeRight";
				LD_RUNPATH_SEARCH_PATHS = (
					"$(inherited)",
					"@executable_path/Frameworks",
				);
				MARKETING_VERSION = 1.0;
				PRODUCT_BUNDLE_IDENTIFIER = LimooonikMac.LittleStories;
				PRODUCT_NAME = "$(TARGET_NAME)";
				STRING_CATALOG_GENERATE_SYMBOLS = YES;
				SWIFT_APPROACHABLE_CONCURRENCY = YES;
				SWIFT_DEFAULT_ACTOR_ISOLATION = MainActor;
				SWIFT_EMIT_LOC_STRINGS = YES;
				SWIFT_UPCOMING_FEATURE_MEMBER_IMPORT_VISIBILITY = YES;
				SWIFT_VERSION = 5.0;
				TARGETED_DEVICE_FAMILY = "1,2";
			};
			name = Debug;
		};
		D27C596E3045FB2900B9B8F0 /* Release */ = {
			isa = XCBuildConfiguration;
			buildSettings = {
				ASSETCATALOG_COMPILER_APPICON_NAME = AppIcon;
				ASSETCATALOG_COMPILER_GLOBAL_ACCENT_COLOR_NAME = AccentColor;
				CODE_SIGN_STYLE = Automatic;
				CURRENT_PROJECT_VERSION = 1;
				DEVELOPMENT_TEAM = "";
				ENABLE_PREVIEWS = YES;
				GENERATE_INFOPLIST_FILE = YES;
				INFOPLIST_KEY_UIApplicationSceneManifest_Generation = YES;
				INFOPLIST_KEY_UIApplicationSupportsIndirectInputEvents = YES;
				INFOPLIST_KEY_UILaunchScreen_Generation = YES;
				INFOPLIST_KEY_UISupportedInterfaceOrientations_iPad = "UIInterfaceOrientationPortrait UIInterfaceOrientationPortraitUpsideDown UIInterfaceOrientationLandscapeLeft UIInterfaceOrientationLandscapeRight";
				INFOPLIST_KEY_UISupportedInterfaceOrientations_iPhone = "UIInterfaceOrientationPortrait UIInterfaceOrientationLandscapeLeft UIInterfaceOrientationLandscapeRight";
				LD_RUNPATH_SEARCH_PATHS = (
					"$(inherited)",
					"@executable_path/Frameworks",
				);
				MARKETING_VERSION = 1.0;
				PRODUCT_BUNDLE_IDENTIFIER = LimooonikMac.LittleStories;
				PRODUCT_NAME = "$(TARGET_NAME)";
				STRING_CATALOG_GENERATE_SYMBOLS = YES;
				SWIFT_APPROACHABLE_CONCURRENCY = YES;
				SWIFT_DEFAULT_ACTOR_ISOLATION = MainActor;
				SWIFT_EMIT_LOC_STRINGS = YES;
				SWIFT_UPCOMING_FEATURE_MEMBER_IMPORT_VISIBILITY = YES;
				SWIFT_VERSION = 5.0;
				TARGETED_DEVICE_FAMILY = "1,2";
			};
			name = Release;
		};
		D27C59883045FB6600B9B8F0 /* Debug */ = {
			isa = XCBuildConfiguration;
			buildSettings = {
				ASSETCATALOG_COMPILER_GLOBAL_ACCENT_COLOR_NAME = AccentColor;
				ASSETCATALOG_COMPILER_WIDGET_BACKGROUND_COLOR_NAME = WidgetBackground;
				CODE_SIGN_STYLE = Automatic;
				CURRENT_PROJECT_VERSION = 1;
				DEVELOPMENT_TEAM = "";
				GENERATE_INFOPLIST_FILE = YES;
				INFOPLIST_FILE = LittleStoriesWidget/Info.plist;
				INFOPLIST_KEY_CFBundleDisplayName = LittleStoriesWidget;
				INFOPLIST_KEY_NSHumanReadableCopyright = "";
				LD_RUNPATH_SEARCH_PATHS = (
					"$(inherited)",
					"@executable_path/Frameworks",
					"@executable_path/../../Frameworks",
				);
				MARKETING_VERSION = 1.0;
				PRODUCT_BUNDLE_IDENTIFIER = LimooonikMac.LittleStories.LittleStoriesWidget;
				PRODUCT_NAME = "$(TARGET_NAME)";
				SKIP_INSTALL = YES;
				STRING_CATALOG_GENERATE_SYMBOLS = YES;
				SWIFT_APPROACHABLE_CONCURRENCY = YES;
				SWIFT_EMIT_LOC_STRINGS = YES;
				SWIFT_UPCOMING_FEATURE_MEMBER_IMPORT_VISIBILITY = YES;
				SWIFT_VERSION = 5.0;
				TARGETED_DEVICE_FAMILY = "1,2";
			};
			name = Debug;
		};
		D27C59893045FB6600B9B8F0 /* Release */ = {
			isa = XCBuildConfiguration;
			buildSettings = {
				ASSETCATALOG_COMPILER_GLOBAL_ACCENT_COLOR_NAME = AccentColor;
				ASSETCATALOG_COMPILER_WIDGET_BACKGROUND_COLOR_NAME = WidgetBackground;
				CODE_SIGN_STYLE = Automatic;
				CURRENT_PROJECT_VERSION = 1;
				DEVELOPMENT_TEAM = "";
				GENERATE_INFOPLIST_FILE = YES;
				INFOPLIST_FILE = LittleStoriesWidget/Info.plist;
				INFOPLIST_KEY_CFBundleDisplayName = LittleStoriesWidget;
				INFOPLIST_KEY_NSHumanReadableCopyright = "";
				LD_RUNPATH_SEARCH_PATHS = (
					"$(inherited)",
					"@executable_path/Frameworks",
					"@executable_path/../../Frameworks",
				);
				MARKETING_VERSION = 1.0;
				PRODUCT_BUNDLE_IDENTIFIER = LimooonikMac.LittleStories.LittleStoriesWidget;
				PRODUCT_NAME = "$(TARGET_NAME)";
				SKIP_INSTALL = YES;
				STRING_CATALOG_GENERATE_SYMBOLS = YES;
				SWIFT_APPROACHABLE_CONCURRENCY = YES;
				SWIFT_EMIT_LOC_STRINGS = YES;
				SWIFT_UPCOMING_FEATURE_MEMBER_IMPORT_VISIBILITY = YES;
				SWIFT_VERSION = 5.0;
				TARGETED_DEVICE_FAMILY = "1,2";
			};
			name = Release;
		};
/* End XCBuildConfiguration section */

/* Begin XCConfigurationList section */
		D27C595C3045FB2700B9B8F0 /* Build configuration list for PBXProject "LittleStories" */ = {
			isa = XCConfigurationList;
			buildConfigurations = (
				D27C596A3045FB2900B9B8F0 /* Debug */,
				D27C596B3045FB2900B9B8F0 /* Release */,
			);
			defaultConfigurationIsVisible = 0;
			defaultConfigurationName = Release;
		};
		D27C596C3045FB2900B9B8F0 /* Build configuration list for PBXNativeTarget "LittleStories" */ = {
			isa = XCConfigurationList;
			buildConfigurations = (
				D27C596D3045FB2900B9B8F0 /* Debug */,
				D27C596E3045FB2900B9B8F0 /* Release */,
			);
			defaultConfigurationIsVisible = 0;
			defaultConfigurationName = Release;
		};
		D27C59873045FB6600B9B8F0 /* Build configuration list for PBXNativeTarget "LittleStoriesWidgetExtension" */ = {
			isa = XCConfigurationList;
			buildConfigurations = (
				D27C59883045FB6600B9B8F0 /* Debug */,
				D27C59893045FB6600B9B8F0 /* Release */,
			);
			defaultConfigurationIsVisible = 0;
			defaultConfigurationName = Release;
		};
/* End XCConfigurationList section */
	};
	rootObject = D27C59593045FB2700B9B8F0 /* Project object */;
}
